
Microsoft Visual Studio Solution File, Format Version 12.00
Project("{FAE04EC0-301F-11D3-BF4B-00C04F79EFBC}") = "Flagger", "Flagger\Flagger.csproj", "{C8019BE8-3CF9-4A8A-AA26-A6C9E9753CCA}"
EndProject
Project("{FAE04EC0-301F-11D3-BF4B-00C04F79EFBC}") = "Flagger.Tests", "Flagger.Tests\Flagger.Tests.csproj", "{6FA7EEEA-2EFE-4789-87A9-992D7DC678DB}"
EndProject
Global
	GlobalSection(SolutionConfigurationPlatforms) = preSolution
		Debug|Any CPU = Debug|Any CPU
		Release|Any CPU = Release|Any CPU
	EndGlobalSection
	GlobalSection(ProjectConfigurationPlatforms) = postSolution
		{C8019BE8-3CF9-4A8A-AA26-A6C9E9753CCA}.Debug|Any CPU.ActiveCfg = Debug|Any CPU
		{C8019BE8-3CF9-4A8A-AA26-A6C9E9753CCA}.Debug|Any CPU.Build.0 = Debug|Any CPU
		{C8019BE8-3CF9-4A8A-AA26-A6C9E9753CCA}.Release|Any CPU.ActiveCfg = Release|Any CPU
		{C8019BE8-3CF9-4A8A-AA26-A6C9E9753CCA}.Release|Any CPU.Build.0 = Release|Any CPU
		{6FA7EEEA-2EFE-4789-87A9-992D7DC678DB}.Debug|Any CPU.ActiveCfg = Debug|Any CPU
		{6FA7EEEA-2EFE-4789-87A9-992D7DC678DB}.Debug|Any CPU.Build.0 = Debug|Any CPU
		{6FA7EEEA-2EFE-4789-87A9-992D7DC678DB}.Release|Any CPU.ActiveCfg = Release|Any CPU
		{6FA7EEEA-2EFE-4789-87A9-992D7DC678DB}.Release|Any CPU.Build.0 = Release|Any CPU
	EndGlobalSection
EndGlobal
